
Microsoft Visual Studio Solution File, Format Version 12.00
# Visual Studio 14
VisualStudioVersion = 14.0.25420.1
MinimumVisualStudioVersion = 10.0.40219.1
Project("{FAE04EC0-301F-11D3-BF4B-00C04F79EFBC}") = "RPGCaracterCreator", "RPGCaracterCreator\RPGCaracterCreator.csproj", "{7162CD8E-43D0-48A5-BA87-8ECC151EA008}"
EndProject
Project("{FAE04EC0-301F-11D3-BF4B-00C04F79EFBC}") = "Personagem", "ClassLibrary1\Personagem.csproj", "{519F197D-76DB-4656-A758-80592DBD1330}"
EndProject
Global
	GlobalSection(SolutionConfigurationPlatforms) = preSolution
		Debug|Any CPU = Debug|Any CPU
		Release|Any CPU = Release|Any CPU
	EndGlobalSection
	GlobalSection(ProjectConfigurationPlatforms) = postSolution
		{7162CD8E-43D0-48A5-BA87-8ECC151EA008}.Debug|Any CPU.ActiveCfg = Debug|Any CPU
		{7162CD8E-43D0-48A5-BA87-8ECC151EA008}.Debug|Any CPU.Build.0 = Debug|Any CPU
		{7162CD8E-43D0-48A5-BA87-8ECC151EA008}.Release|Any CPU.ActiveCfg = Release|Any CPU
		{7162CD8E-43D0-48A5-BA87-8ECC151EA008}.Release|Any CPU.Build.0 = Release|Any CPU
		{519F197D-76DB-4656-A758-80592DBD1330}.Debug|Any CPU.ActiveCfg = Debug|Any CPU
		{519F197D-76DB-4656-A758-80592DBD1330}.Debug|Any CPU.Build.0 = Debug|Any CPU
		{519F197D-76DB-4656-A758-80592DBD1330}.Release|Any CPU.ActiveCfg = Release|Any CPU
		{519F197D-76DB-4656-A758-80592DBD1330}.Release|Any CPU.Build.0 = Release|Any CPU
	EndGlobalSection
	GlobalSection(SolutionProperties) = preSolution
		HideSolutionNode = FALSE
	EndGlobalSection
EndGlobal
